// !$*UTF8*$!
{
	archiveVersion = 1;
	classes = {
	};
	objectVersion = 50;
	objects = {

/* Begin PBXBuildFile section */
		BAFFC28C2682BCDC004CF6BE /* AppDelegate.swift in Sources */ = {isa = PBXBuildFile; fileRef = BAFFC28B2682BCDC004CF6BE /* AppDelegate.swift */; };
		BAFFC28E2682BCDC004CF6BE /* SceneDelegate.swift in Sources */ = {isa = PBXBuildFile; fileRef = BAFFC28D2682BCDC004CF6BE /* SceneDelegate.swift */; };
		BAFFC2902682BCDC004CF6BE /* ViewController.swift in Sources */ = {isa = PBXBuildFile; fileRef = BAFFC28F2682BCDC004CF6BE /* ViewController.swift */; };
		BAFFC2932682BCDC004CF6BE /* Main.storyboard in Resources */ = {isa = PBXBuildFile; fileRef = BAFFC2912682BCDC004CF6BE /* Main.storyboard */; };
		BAFFC2952682BCDE004CF6BE /* Assets.xcassets in Resources */ = {isa = PBXBuildFile; fileRef = BAFFC2942682BCDE004CF6BE /* Assets.xcassets */; };
		BAFFC2982682BCDE004CF6BE /* LaunchScreen.storyboard in Resources */ = {isa = PBXBuildFile; fileRef = BAFFC2962682BCDE004CF6BE /* LaunchScreen.storyboard */; };
/* End PBXBuildFile section */

/* Begin PBXFileReference section */
		BAFFC2882682BCDC004CF6BE /* viewDidLoadCustom.app */ = {isa = PBXFileReference; explicitFileType = wrapper.application; includeInIndex = 0; path = viewDidLoadCustom.app; sourceTree = BUILT_PRODUCTS_DIR; };
		BAFFC28B2682BCDC004CF6BE /* AppDelegate.swift */ = {isa = PBXFileReference; lastKnownFileType = sourcecode.swift; path = AppDelegate.swift; sourceTree = "<group>"; };
		BAFFC28D2682BCDC004CF6BE /* SceneDelegate.swift */ = {isa = PBXFileReference; lastKnownFileType = sourcecode.swift; path = SceneDelegate.swift; sourceTree = "<group>"; };
		BAFFC28F2682BCDC004CF6BE /* ViewController.swift */ = {isa = PBXFileReference; lastKnownFileType = sourcecode.swift; path = ViewController.swift; sourceTree = "<group>"; };
		BAFFC2922682BCDC004CF6BE /* Base */ = {isa = PBXFileReference; lastKnownFileType = file.storyboard; name = Base; path = Base.lproj/Main.storyboard; sourceTree = "<group>"; };
		BAFFC2942682BCDE004CF6BE /* Assets.xcassets */ = {isa = PBXFileReference; lastKnownFileType = folder.assetcatalog; path = Assets.xcassets; sourceTree = "<group>"; };
		BAFFC2972682BCDE004CF6BE /* Base */ = {isa = PBXFileReference; lastKnownFileType = file.storyboard; name = Base; path = Base.lproj/LaunchScreen.storyboard; sourceTree = "<group>"; };
		BAFFC2992682BCDE004CF6BE /* Info.plist */ = {isa = PBXFileReference; lastKnownFileType = text.plist.xml; path = Info.plist; sourceTree = "<group>"; };
/* End PBXFileReference section */

/* Begin PBXFrameworksBuildPhase section */
		BAFFC2852682BCDC004CF6BE /* Frameworks */ = {
			isa = PBXFrameworksBuildPhase;
			buildActionMask = 2147483647;
			files = (
			);
			runOnlyForDeploymentPostprocessing = 0;
		};
/* End PBXFrameworksBuildPhase section */

/* Begin PBXGroup section */
		BAFFC27F2682BCDC004CF6BE = {
			isa = PBXGroup;
			children = (
				BAFFC28A2682BCDC004CF6BE /* viewDidLoadCustom */,
				BAFFC2892682BCDC004CF6BE /* Products */,
			);
			sourceTree = "<group>";
		};
		BAFFC2892682BCDC004CF6BE /* Products */ = {
			isa = PBXGroup;
			children = (
				BAFFC2882682BCDC004CF6BE /* viewDidLoadCustom.app */,
			);
			name = Products;
			sourceTree = "<group>";
		};
		BAFFC28A2682BCDC004CF6BE /* viewDidLoadCustom */ = {
			isa = PBXGroup;
			children = (
				BAFFC28B2682BCDC004CF6BE /* AppDelegate.swift */,
				BAFFC28D2682BCDC004CF6BE /* SceneDelegate.swift */,
				BAFFC28F2682BCDC004CF6BE /* ViewController.swift */,
				BAFFC2912682BCDC004CF6BE /* Main.storyboard */,
				BAFFC2942682BCDE004CF6BE /* Assets.xcassets */,
				BAFFC2962682BCDE004CF6BE /* LaunchScreen.storyboard */,
				BAFFC2992682BCDE004CF6BE /* Info.plist */,
			);
			path = viewDidLoadCustom;
			sourceTree = "<group>";
		};
/* End PBXGroup section */

/* Begin PBXNativeTarget section */
		BAFFC2872682BCDC004CF6BE /* viewDidLoadCustom */ = {
			isa = PBXNativeTarget;
			buildConfigurationList = BAFFC29C2682BCDE004CF6BE /* Build configuration list for PBXNativeTarget "viewDidLoadCustom" */;
			buildPhases = (
				BAFFC2842682BCDC004CF6BE /* Sources */,
				BAFFC2852682BCDC004CF6BE /* Frameworks */,
				BAFFC2862682BCDC004CF6BE /* Resources */,
			);
			buildRules = (
			);
			dependencies = (
			);
			name = viewDidLoadCustom;
			productName = viewDidLoadCustom;
			productReference = BAFFC2882682BCDC004CF6BE /* viewDidLoadCustom.app */;
			productType = "com.apple.product-type.application";
		};
/* End PBXNativeTarget section */

/* Begin PBXProject section */
		BAFFC2802682BCDC004CF6BE /* Project object */ = {
			isa = PBXProject;
			attributes = {
				LastSwiftUpdateCheck = 1250;
				LastUpgradeCheck = 1250;
				TargetAttributes = {
					BAFFC2872682BCDC004CF6BE = {
						CreatedOnToolsVersion = 12.5.1;
					};
				};
			};
			buildConfigurationList = BAFFC2832682BCDC004CF6BE /* Build configuration list for PBXProject "viewDidLoadCustom" */;
			compatibilityVersion = "Xcode 9.3";
			developmentRegion = en;
			hasScannedForEncodings = 0;
			knownRegions = (
				en,
				Base,
			);
			mainGroup = BAFFC27F2682BCDC004CF6BE;
			productRefGroup = BAFFC2892682BCDC004CF6BE /* Products */;
			projectDirPath = "";
			projectRoot = "";
			targets = (
				BAFFC2872682BCDC004CF6BE /* viewDidLoadCustom */,
			);
		};
/* End PBXProject section */

/* Begin PBXResourcesBuildPhase section */
		BAFFC2862682BCDC004CF6BE /* Resources */ = {
			isa = PBXResourcesBuildPhase;
			buildActionMask = 2147483647;
			files = (
				BAFFC2982682BCDE004CF6BE /* LaunchScreen.storyboard in Resources */,
				BAFFC2952682BCDE004CF6BE /* Assets.xcassets in Resources */,
				BAFFC2932682BCDC004CF6BE /* Main.storyboard in Resources */,
			);
			runOnlyForDeploymentPostprocessing = 0;
		};
/* End PBXResourcesBuildPhase section */

/* Begin PBXSourcesBuildPhase section */
		BAFFC2842682BCDC004CF6BE /* Sources */ = {
			isa = PBXSourcesBuildPhase;
			buildActionMask = 2147483647;
			files = (
				BAFFC2902682BCDC004CF6BE /* ViewController.swift in Sources */,
				BAFFC28C2682BCDC004CF6BE /* AppDelegate.swift in Sources */,
				BAFFC28E2682BCDC004CF6BE /* SceneDelegate.swift in Sources */,
			);
			runOnlyForDeploymentPostprocessing = 0;
		};
/* End PBXSourcesBuildPhase section */

/* Begin PBXVariantGroup section */
		BAFFC2912682BCDC004CF6BE /* Main.storyboard */ = {
			isa = PBXVariantGroup;
			children = (
				BAFFC2922682BCDC004CF6BE /* Base */,
			);
			name = Main.storyboard;
			sourceTree = "<group>";
		};
		BAFFC2962682BCDE004CF6BE /* LaunchScreen.storyboard */ = {
			isa = PBXVariantGroup;
			children = (
				BAFFC2972682BCDE004CF6BE /* Base */,
			);
			name = LaunchScreen.storyboard;
			sourceTree = "<group>";
		};
/* End PBXVariantGroup section */

/* Begin XCBuildConfiguration section */
		BAFFC29A2682BCDE004CF6BE /* Debug */ = {
			isa = XCBuildConfiguration;
			buildSettings = {
				ALWAYS_SEARCH_USER_PATHS = NO;
				CLANG_ANALYZER_NONNULL = YES;
				CLANG_ANALYZER_NUMBER_OBJECT_CONVERSION = YES_AGGRESSIVE;
				CLANG_CXX_LANGUAGE_STANDARD = "gnu++14";
				CLANG_CXX_LIBRARY = "libc++";
				CLANG_ENABLE_MODULES = YES;
				CLANG_ENABLE_OBJC_ARC = YES;
				CLANG_ENABLE_OBJC_WEAK = YES;
				CLANG_WARN_BLOCK_CAPTURE_AUTORELEASING = YES;
				CLANG_WARN_BOOL_CONVERSION = YES;
				CLANG_WARN_COMMA = YES;
				CLANG_WARN_CONSTANT_CONVERSION = YES;
				CLANG_WARN_DEPRECATED_OBJC_IMPLEMENTATIONS = YES;
				CLANG_WARN_DIRECT_OBJC_ISA_USAGE = YES_ERROR;
				CLANG_WARN_DOCUMENTATION_COMMENTS = YES;
				CLANG_WARN_EMPTY_BODY = YES;
				CLANG_WARN_ENUM_CONVERSION = YES;
				CLANG_WARN_INFINITE_RECURSION = YES;
				CLANG_WARN_INT_CONVERSION = YES;
				CLANG_WARN_NON_LITERAL_NULL_CONVERSION = YES;
				CLANG_WARN_OBJC_IMPLICIT_RETAIN_SELF = YES;
				CLANG_WARN_OBJC_LITERAL_CONVERSION = YES;
				CLANG_WARN_OBJC_ROOT_CLASS = YES_ERROR;
				CLANG_WARN_QUOTED_INCLUDE_IN_FRAMEWORK_HEADER = YES;
				CLANG_WARN_RANGE_LOOP_ANALYSIS = YES;
				CLANG_WARN_STRICT_PROTOTYPES = YES;
				CLANG_WARN_SUSPICIOUS_MOVE = YES;
				CLANG_WARN_UNGUARDED_AVAILABILITY = YES_AGGRESSIVE;
				CLANG_WARN_UNREACHABLE_CODE = YES;
				CLANG_WARN__DUPLICATE_METHOD_MATCH = YES;
				COPY_PHASE_STRIP = NO;
				DEBUG_INFORMATION_FORMAT = dwarf;
				ENABLE_STRICT_OBJC_MSGSEND = YES;
				ENABLE_TESTABILITY = YES;
				GCC_C_LANGUAGE_STANDARD = gnu11;
				GCC_DYNAMIC_NO_PIC = NO;
				GCC_NO_COMMON_BLOCKS = YES;
				GCC_OPTIMIZATION_LEVEL = 0;
				GCC_PREPROCESSOR_DEFINITIONS = (
					"DEBUG=1",
					"$(inherited)",
				);
				GCC_WARN_64_TO_32_BIT_CONVERSION = YES;
				GCC_WARN_ABOUT_RETURN_TYPE = YES_ERROR;
				GCC_WARN_UNDECLARED_SELECTOR = YES;
				GCC_WARN_UNINITIALIZED_AUTOS = YES_AGGRESSIVE;
				GCC_WARN_UNUSED_FUNCTION = YES;
				GCC_WARN_UNUSED_VARIABLE = YES;
				IPHONEOS_DEPLOYMENT_TARGET = 14.5;
				MTL_ENABLE_DEBUG_INFO = INCLUDE_SOURCE;
				MTL_FAST_MATH = YES;
				ONLY_ACTIVE_ARCH = YES;
				SDKROOT = iphoneos;
				SWIFT_ACTIVE_COMPILATION_CONDITIONS = DEBUG;
				SWIFT_OPTIMIZATION_LEVEL = "-Onone";
			};
			name = Debug;
		};
		BAFFC29B2682BCDE004CF6BE /* Release */ = {
			isa = XCBuildConfiguration;
			buildSettings = {
				ALWAYS_SEARCH_USER_PATHS = NO;
				CLANG_ANALYZER_NONNULL = YES;
				CLANG_ANALYZER_NUMBER_OBJECT_CONVERSION = YES_AGGRESSIVE;
				CLANG_CXX_LANGUAGE_STANDARD = "gnu++14";
				CLANG_CXX_LIBRARY = "libc++";
				CLANG_ENABLE_MODULES = YES;
				CLANG_ENABLE_OBJC_ARC = YES;
				CLANG_ENABLE_OBJC_WEAK = YES;
				CLANG_WARN_BLOCK_CAPTURE_AUTORELEASING = YES;
				CLANG_WARN_BOOL_CONVERSION = YES;
				CLANG_WARN_COMMA = YES;
				CLANG_WARN_CONSTANT_CONVERSION = YES;
				CLANG_WARN_DEPRECATED_OBJC_IMPLEMENTATIONS = YES;
				CLANG_WARN_DIRECT_OBJC_ISA_USAGE = YES_ERROR;
				CLANG_WARN_DOCUMENTATION_COMMENTS = YES;
				CLANG_WARN_EMPTY_BODY = YES;
				CLANG_WARN_ENUM_CONVERSION = YES;
				CLANG_WARN_INFINITE_RECURSION = YES;
				CLANG_WARN_INT_CONVERSION = YES;
				CLANG_WARN_NON_LITERAL_NULL_CONVERSION = YES;
				CLANG_WARN_OBJC_IMPLICIT_RETAIN_SELF = YES;
				CLANG_WARN_OBJC_LITERAL_CONVERSION = YES;
				CLANG_WARN_OBJC_ROOT_CLASS = YES_ERROR;
				CLANG_WARN_QUOTED_INCLUDE_IN_FRAMEWORK_HEADER = YES;
				CLANG_WARN_RANGE_LOOP_ANALYSIS = YES;
				CLANG_WARN_STRICT_PROTOTYPES = YES;
				CLANG_WARN_SUSPICIOUS_MOVE = YES;
				CLANG_WARN_UNGUARDED_AVAILABILITY = YES_AGGRESSIVE;
				CLANG_WARN_UNREACHABLE_CODE = YES;
				CLANG_WARN__DUPLICATE_METHOD_MATCH = YES;
				COPY_PHASE_STRIP = NO;
				DEBUG_INFORMATION_FORMAT = "dwarf-with-dsym";
				ENABLE_NS_ASSERTIONS = NO;
				ENABLE_STRICT_OBJC_MSGSEND = YES;
				GCC_C_LANGUAGE_STANDARD = gnu11;
				GCC_NO_COMMON_BLOCKS = YES;
				GCC_WARN_64_TO_32_BIT_CONVERSION = YES;
				GCC_WARN_ABOUT_RETURN_TYPE = YES_ERROR;
				GCC_WARN_UNDECLARED_SELECTOR = YES;
				GCC_WARN_UNINITIALIZED_AUTOS = YES_AGGRESSIVE;
				GCC_WARN_UNUSED_FUNCTION = YES;
				GCC_WARN_UNUSED_VARIABLE = YES;
				IPHONEOS_DEPLOYMENT_TARGET = 14.5;
				MTL_ENABLE_DEBUG_INFO = NO;
				MTL_FAST_MATH = YES;
				SDKROOT = iphoneos;
				SWIFT_COMPILATION_MODE = wholemodule;
				SWIFT_OPTIMIZATION_LEVEL = "-O";
				VALIDATE_PRODUCT = YES;
			};
			name = Release;
		};
		BAFFC29D2682BCDE004CF6BE /* Debug */ = {
			isa = XCBuildConfiguration;
			buildSettings = {
				ASSETCATALOG_COMPILER_APPICON_NAME = AppIcon;
				ASSETCATALOG_COMPILER_GLOBAL_ACCENT_COLOR_NAME = AccentColor;
				CODE_SIGN_STYLE = Automatic;
				INFOPLIST_FILE = viewDidLoadCustom/Info.plist;
				LD_RUNPATH_SEARCH_PATHS = (
					"$(inherited)",
					"@executable_path/Frameworks",
				);
				PRODUCT_BUNDLE_IDENTIFIER = Homework3.viewDidLoadCustom;
				PRODUCT_NAME = "$(TARGET_NAME)";
				SWIFT_VERSION = 5.0;
				TARGETED_DEVICE_FAMILY = "1,2";
			};
			name = Debug;
		};
		BAFFC29E2682BCDE004CF6BE /* Release */ = {
			isa = XCBuildConfiguration;
			buildSettings = {
				ASSETCATALOG_COMPILER_APPICON_NAME = AppIcon;
				ASSETCATALOG_COMPILER_GLOBAL_ACCENT_COLOR_NAME = AccentColor;
				CODE_SIGN_STYLE = Automatic;
				INFOPLIST_FILE = viewDidLoadCustom/Info.plist;
				LD_RUNPATH_SEARCH_PATHS = (
					"$(inherited)",
					"@executable_path/Frameworks",
				);
				PRODUCT_BUNDLE_IDENTIFIER = Homework3.viewDidLoadCustom;
				PRODUCT_NAME = "$(TARGET_NAME)";
				SWIFT_VERSION = 5.0;
				TARGETED_DEVICE_FAMILY = "1,2";
			};
			name = Release;
		};
/* End XCBuildConfiguration section */

/* Begin XCConfigurationList section */
		BAFFC2832682BCDC004CF6BE /* Build configuration list for PBXProject "viewDidLoadCustom" */ = {
			isa = XCConfigurationList;
			buildConfigurations = (
				BAFFC29A2682BCDE004CF6BE /* Debug */,
				BAFFC29B2682BCDE004CF6BE /* Release */,
			);
			defaultConfigurationIsVisible = 0;
			defaultConfigurationName = Release;
		};
		BAFFC29C2682BCDE004CF6BE /* Build configuration list for PBXNativeTarget "viewDidLoadCustom" */ = {
			isa = XCConfigurationList;
			buildConfigurations = (
				BAFFC29D2682BCDE004CF6BE /* Debug */,
				BAFFC29E2682BCDE004CF6BE /* Release */,
			);
			defaultConfigurationIsVisible = 0;
			defaultConfigurationName = Release;
		};
/* End XCConfigurationList section */
	};
	rootObject = BAFFC2802682BCDC004CF6BE /* Project object */;
}
